{
  "name": "chai-stuff",
  "version": "0.3.3",
  "lockfileVersion": 1,
  "requires": true,
  "dependencies": {
    "@chai-stuff/not-length-of": {
      "version": "0.3.3",
      "resolved": "https://registry.npmjs.org/@chai-stuff/not-length-of/-/not-length-of-0.3.3.tgz",
      "integrity": "sha512-fuR08HKmE+y8VAZJ7nrE4s5EE5nbtTGlwCrg/bjPNK4a2GJVDkJa4eZnvx/lCrIZ0TPj1NOcXvQK7evo03Ovhw=="
    },
    "@chai-stuff/same-props": {
      "version": "0.3.3",
      "resolved": "https://registry.npmjs.org/@chai-stuff/same-props/-/same-props-0.3.3.tgz",
      "integrity": "sha512-MfBRhwtcxrRn8PN1/fwBSJGNSiljHbr3Zbcj7+hAYLM2iiVNl+bvPDKtYQGEPDxq3HqHpIStJKzDbEIRUv3Z4A=="
    }
  }
}
