{
  "name": "chai-stuff",
  "version": "0.3.2",
  "lockfileVersion": 1,
  "requires": true,
  "dependencies": {
    "@chai-stuff/not-length-of": {
      "version": "0.3.2",
      "resolved": "https://registry.npmjs.org/@chai-stuff/not-length-of/-/not-length-of-0.3.2.tgz",
      "integrity": "sha512-pguLcZIDMHdaufp072UrhxP9RCb/tDKN/C1dqCDfb+n/mdEkRluIbPLb0L0+WIfKBaAhgtAvarjbcizvZiiUZg=="
    },
    "@chai-stuff/same-props": {
      "version": "0.3.2",
      "resolved": "https://registry.npmjs.org/@chai-stuff/same-props/-/same-props-0.3.2.tgz",
      "integrity": "sha512-b4HSLxHy25EdoJT9iSOyCEcDMClgp1T+zoRR+RDO0Opl0xI+LPoGI+ekg/klbFACodb5oS+zkqAdpfsKyrJE1w=="
    }
  }
}
